// !$*UTF8*$!
{
	archiveVersion = 1;
	classes = {
	};
	objectVersion = 50;
	objects = {

/* Begin PBXBuildFile section */
		CE246A4125CADF93002A1736 /* AppDelegate.swift in Sources */ = {isa = PBXBuildFile; fileRef = CE246A4025CADF93002A1736 /* AppDelegate.swift */; };
		CE246A4325CADF93002A1736 /* SceneDelegate.swift in Sources */ = {isa = PBXBuildFile; fileRef = CE246A4225CADF93002A1736 /* SceneDelegate.swift */; };
		CE246A4725CADF96002A1736 /* Assets.xcassets in Resources */ = {isa = PBXBuildFile; fileRef = CE246A4625CADF96002A1736 /* Assets.xcassets */; };
		CE246A4A25CADF96002A1736 /* Preview Assets.xcassets in Resources */ = {isa = PBXBuildFile; fileRef = CE246A4925CADF96002A1736 /* Preview Assets.xcassets */; };
		CE246A4D25CADF96002A1736 /* LaunchScreen.storyboard in Resources */ = {isa = PBXBuildFile; fileRef = CE246A4B25CADF96002A1736 /* LaunchScreen.storyboard */; };
		CE4DAA8125CAE09B00BAC0E3 /* HomeView.swift in Sources */ = {isa = PBXBuildFile; fileRef = CE4DAA8025CAE09B00BAC0E3 /* HomeView.swift */; };
		CE4DAA8425CAE0B200BAC0E3 /* DetailView.swift in Sources */ = {isa = PBXBuildFile; fileRef = CE4DAA8325CAE0B200BAC0E3 /* DetailView.swift */; };
/* End PBXBuildFile section */

/* Begin PBXFileReference section */
		CE246A3D25CADF93002A1736 /* swiftui-architecture-case.app */ = {isa = PBXFileReference; explicitFileType = wrapper.application; includeInIndex = 0; path = "swiftui-architecture-case.app"; sourceTree = BUILT_PRODUCTS_DIR; };
		CE246A4025CADF93002A1736 /* AppDelegate.swift */ = {isa = PBXFileReference; lastKnownFileType = sourcecode.swift; path = AppDelegate.swift; sourceTree = "<group>"; };
		CE246A4225CADF93002A1736 /* SceneDelegate.swift */ = {isa = PBXFileReference; lastKnownFileType = sourcecode.swift; path = SceneDelegate.swift; sourceTree = "<group>"; };
		CE246A4625CADF96002A1736 /* Assets.xcassets */ = {isa = PBXFileReference; lastKnownFileType = folder.assetcatalog; path = Assets.xcassets; sourceTree = "<group>"; };
		CE246A4925CADF96002A1736 /* Preview Assets.xcassets */ = {isa = PBXFileReference; lastKnownFileType = folder.assetcatalog; path = "Preview Assets.xcassets"; sourceTree = "<group>"; };
		CE246A4C25CADF96002A1736 /* Base */ = {isa = PBXFileReference; lastKnownFileType = file.storyboard; name = Base; path = Base.lproj/LaunchScreen.storyboard; sourceTree = "<group>"; };
		CE246A4E25CADF96002A1736 /* Info.plist */ = {isa = PBXFileReference; lastKnownFileType = text.plist.xml; path = Info.plist; sourceTree = "<group>"; };
		CE4DAA8025CAE09B00BAC0E3 /* HomeView.swift */ = {isa = PBXFileReference; lastKnownFileType = sourcecode.swift; path = HomeView.swift; sourceTree = "<group>"; };
		CE4DAA8325CAE0B200BAC0E3 /* DetailView.swift */ = {isa = PBXFileReference; lastKnownFileType = sourcecode.swift; path = DetailView.swift; sourceTree = "<group>"; };
/* End PBXFileReference section */

/* Begin PBXFrameworksBuildPhase section */
		CE246A3A25CADF93002A1736 /* Frameworks */ = {
			isa = PBXFrameworksBuildPhase;
			buildActionMask = 2147483647;
			files = (
			);
			runOnlyForDeploymentPostprocessing = 0;
		};
/* End PBXFrameworksBuildPhase section */

/* Begin PBXGroup section */
		CE246A3425CADF93002A1736 = {
			isa = PBXGroup;
			children = (
				CE246A3F25CADF93002A1736 /* swiftui-architecture-case */,
				CE246A3E25CADF93002A1736 /* Products */,
			);
			sourceTree = "<group>";
		};
		CE246A3E25CADF93002A1736 /* Products */ = {
			isa = PBXGroup;
			children = (
				CE246A3D25CADF93002A1736 /* swiftui-architecture-case.app */,
			);
			name = Products;
			sourceTree = "<group>";
		};
		CE246A3F25CADF93002A1736 /* swiftui-architecture-case */ = {
			isa = PBXGroup;
			children = (
				CE4DAA8625CAE0B700BAC0E3 /* App */,
				CE4DAA7825CAE07100BAC0E3 /* Scenes */,
				CE4DAA8725CAE0DB00BAC0E3 /* Resources */,
				CE246A4825CADF96002A1736 /* Preview Content */,
			);
			path = "swiftui-architecture-case";
			sourceTree = "<group>";
		};
		CE246A4825CADF96002A1736 /* Preview Content */ = {
			isa = PBXGroup;
			children = (
				CE246A4925CADF96002A1736 /* Preview Assets.xcassets */,
			);
			path = "Preview Content";
			sourceTree = "<group>";
		};
		CE4DAA7825CAE07100BAC0E3 /* Scenes */ = {
			isa = PBXGroup;
			children = (
				CE4DAA7A25CAE07C00BAC0E3 /* Detail */,
				CE4DAA7925CAE07700BAC0E3 /* Home */,
			);
			path = Scenes;
			sourceTree = "<group>";
		};
		CE4DAA7925CAE07700BAC0E3 /* Home */ = {
			isa = PBXGroup;
			children = (
				CE4DAA8025CAE09B00BAC0E3 /* HomeView.swift */,
			);
			path = Home;
			sourceTree = "<group>";
		};
		CE4DAA7A25CAE07C00BAC0E3 /* Detail */ = {
			isa = PBXGroup;
			children = (
				CE4DAA8325CAE0B200BAC0E3 /* DetailView.swift */,
			);
			path = Detail;
			sourceTree = "<group>";
		};
		CE4DAA8625CAE0B700BAC0E3 /* App */ = {
			isa = PBXGroup;
			children = (
				CE246A4025CADF93002A1736 /* AppDelegate.swift */,
				CE246A4225CADF93002A1736 /* SceneDelegate.swift */,
			);
			name = App;
			sourceTree = "<group>";
		};
		CE4DAA8725CAE0DB00BAC0E3 /* Resources */ = {
			isa = PBXGroup;
			children = (
				CE246A4E25CADF96002A1736 /* Info.plist */,
				CE246A4B25CADF96002A1736 /* LaunchScreen.storyboard */,
				CE246A4625CADF96002A1736 /* Assets.xcassets */,
			);
			name = Resources;
			sourceTree = "<group>";
		};
/* End PBXGroup section */

/* Begin PBXNativeTarget section */
		CE246A3C25CADF93002A1736 /* swiftui-architecture-case */ = {
			isa = PBXNativeTarget;
			buildConfigurationList = CE246A5125CADF96002A1736 /* Build configuration list for PBXNativeTarget "swiftui-architecture-case" */;
			buildPhases = (
				CE246A3925CADF93002A1736 /* Sources */,
				CE246A3A25CADF93002A1736 /* Frameworks */,
				CE246A3B25CADF93002A1736 /* Resources */,
			);
			buildRules = (
			);
			dependencies = (
			);
			name = "swiftui-architecture-case";
			productName = "swiftui-architecture-case";
			productReference = CE246A3D25CADF93002A1736 /* swiftui-architecture-case.app */;
			productType = "com.apple.product-type.application";
		};
/* End PBXNativeTarget section */

/* Begin PBXProject section */
		CE246A3525CADF93002A1736 /* Project object */ = {
			isa = PBXProject;
			attributes = {
				LastSwiftUpdateCheck = 1220;
				LastUpgradeCheck = 1220;
				TargetAttributes = {
					CE246A3C25CADF93002A1736 = {
						CreatedOnToolsVersion = 12.2;
					};
				};
			};
			buildConfigurationList = CE246A3825CADF93002A1736 /* Build configuration list for PBXProject "swiftui-architecture-case" */;
			compatibilityVersion = "Xcode 9.3";
			developmentRegion = en;
			hasScannedForEncodings = 0;
			knownRegions = (
				en,
				Base,
			);
			mainGroup = CE246A3425CADF93002A1736;
			productRefGroup = CE246A3E25CADF93002A1736 /* Products */;
			projectDirPath = "";
			projectRoot = "";
			targets = (
				CE246A3C25CADF93002A1736 /* swiftui-architecture-case */,
			);
		};
/* End PBXProject section */

/* Begin PBXResourcesBuildPhase section */
		CE246A3B25CADF93002A1736 /* Resources */ = {
			isa = PBXResourcesBuildPhase;
			buildActionMask = 2147483647;
			files = (
				CE246A4D25CADF96002A1736 /* LaunchScreen.storyboard in Resources */,
				CE246A4A25CADF96002A1736 /* Preview Assets.xcassets in Resources */,
				CE246A4725CADF96002A1736 /* Assets.xcassets in Resources */,
			);
			runOnlyForDeploymentPostprocessing = 0;
		};
/* End PBXResourcesBuildPhase section */

/* Begin PBXSourcesBuildPhase section */
		CE246A3925CADF93002A1736 /* Sources */ = {
			isa = PBXSourcesBuildPhase;
			buildActionMask = 2147483647;
			files = (
				CE4DAA8125CAE09B00BAC0E3 /* HomeView.swift in Sources */,
				CE4DAA8425CAE0B200BAC0E3 /* DetailView.swift in Sources */,
				CE246A4125CADF93002A1736 /* AppDelegate.swift in Sources */,
				CE246A4325CADF93002A1736 /* SceneDelegate.swift in Sources */,
			);
			runOnlyForDeploymentPostprocessing = 0;
		};
/* End PBXSourcesBuildPhase section */

/* Begin PBXVariantGroup section */
		CE246A4B25CADF96002A1736 /* LaunchScreen.storyboard */ = {
			isa = PBXVariantGroup;
			children = (
				CE246A4C25CADF96002A1736 /* Base */,
			);
			name = LaunchScreen.storyboard;
			sourceTree = "<group>";
		};
/* End PBXVariantGroup section */

/* Begin XCBuildConfiguration section */
		CE246A4F25CADF96002A1736 /* Debug */ = {
			isa = XCBuildConfiguration;
			buildSettings = {
				ALWAYS_SEARCH_USER_PATHS = NO;
				CLANG_ANALYZER_NONNULL = YES;
				CLANG_ANALYZER_NUMBER_OBJECT_CONVERSION = YES_AGGRESSIVE;
				CLANG_CXX_LANGUAGE_STANDARD = "gnu++14";
				CLANG_CXX_LIBRARY = "libc++";
				CLANG_ENABLE_MODULES = YES;
				CLANG_ENABLE_OBJC_ARC = YES;
				CLANG_ENABLE_OBJC_WEAK = YES;
				CLANG_WARN_BLOCK_CAPTURE_AUTORELEASING = YES;
				CLANG_WARN_BOOL_CONVERSION = YES;
				CLANG_WARN_COMMA = YES;
				CLANG_WARN_CONSTANT_CONVERSION = YES;
				CLANG_WARN_DEPRECATED_OBJC_IMPLEMENTATIONS = YES;
				CLANG_WARN_DIRECT_OBJC_ISA_USAGE = YES_ERROR;
				CLANG_WARN_DOCUMENTATION_COMMENTS = YES;
				CLANG_WARN_EMPTY_BODY = YES;
				CLANG_WARN_ENUM_CONVERSION = YES;
				CLANG_WARN_INFINITE_RECURSION = YES;
				CLANG_WARN_INT_CONVERSION = YES;
				CLANG_WARN_NON_LITERAL_NULL_CONVERSION = YES;
				CLANG_WARN_OBJC_IMPLICIT_RETAIN_SELF = YES;
				CLANG_WARN_OBJC_LITERAL_CONVERSION = YES;
				CLANG_WARN_OBJC_ROOT_CLASS = YES_ERROR;
				CLANG_WARN_QUOTED_INCLUDE_IN_FRAMEWORK_HEADER = YES;
				CLANG_WARN_RANGE_LOOP_ANALYSIS = YES;
				CLANG_WARN_STRICT_PROTOTYPES = YES;
				CLANG_WARN_SUSPICIOUS_MOVE = YES;
				CLANG_WARN_UNGUARDED_AVAILABILITY = YES_AGGRESSIVE;
				CLANG_WARN_UNREACHABLE_CODE = YES;
				CLANG_WARN__DUPLICATE_METHOD_MATCH = YES;
				COPY_PHASE_STRIP = NO;
				DEBUG_INFORMATION_FORMAT = dwarf;
				ENABLE_STRICT_OBJC_MSGSEND = YES;
				ENABLE_TESTABILITY = YES;
				GCC_C_LANGUAGE_STANDARD = gnu11;
				GCC_DYNAMIC_NO_PIC = NO;
				GCC_NO_COMMON_BLOCKS = YES;
				GCC_OPTIMIZATION_LEVEL = 0;
				GCC_PREPROCESSOR_DEFINITIONS = (
					"DEBUG=1",
					"$(inherited)",
				);
				GCC_WARN_64_TO_32_BIT_CONVERSION = YES;
				GCC_WARN_ABOUT_RETURN_TYPE = YES_ERROR;
				GCC_WARN_UNDECLARED_SELECTOR = YES;
				GCC_WARN_UNINITIALIZED_AUTOS = YES_AGGRESSIVE;
				GCC_WARN_UNUSED_FUNCTION = YES;
				GCC_WARN_UNUSED_VARIABLE = YES;
				IPHONEOS_DEPLOYMENT_TARGET = 14.2;
				MTL_ENABLE_DEBUG_INFO = INCLUDE_SOURCE;
				MTL_FAST_MATH = YES;
				ONLY_ACTIVE_ARCH = YES;
				SDKROOT = iphoneos;
				SWIFT_ACTIVE_COMPILATION_CONDITIONS = DEBUG;
				SWIFT_OPTIMIZATION_LEVEL = "-Onone";
			};
			name = Debug;
		};
		CE246A5025CADF96002A1736 /* Release */ = {
			isa = XCBuildConfiguration;
			buildSettings = {
				ALWAYS_SEARCH_USER_PATHS = NO;
				CLANG_ANALYZER_NONNULL = YES;
				CLANG_ANALYZER_NUMBER_OBJECT_CONVERSION = YES_AGGRESSIVE;
				CLANG_CXX_LANGUAGE_STANDARD = "gnu++14";
				CLANG_CXX_LIBRARY = "libc++";
				CLANG_ENABLE_MODULES = YES;
				CLANG_ENABLE_OBJC_ARC = YES;
				CLANG_ENABLE_OBJC_WEAK = YES;
				CLANG_WARN_BLOCK_CAPTURE_AUTORELEASING = YES;
				CLANG_WARN_BOOL_CONVERSION = YES;
				CLANG_WARN_COMMA = YES;
				CLANG_WARN_CONSTANT_CONVERSION = YES;
				CLANG_WARN_DEPRECATED_OBJC_IMPLEMENTATIONS = YES;
				CLANG_WARN_DIRECT_OBJC_ISA_USAGE = YES_ERROR;
				CLANG_WARN_DOCUMENTATION_COMMENTS = YES;
				CLANG_WARN_EMPTY_BODY = YES;
				CLANG_WARN_ENUM_CONVERSION = YES;
				CLANG_WARN_INFINITE_RECURSION = YES;
				CLANG_WARN_INT_CONVERSION = YES;
				CLANG_WARN_NON_LITERAL_NULL_CONVERSION = YES;
				CLANG_WARN_OBJC_IMPLICIT_RETAIN_SELF = YES;
				CLANG_WARN_OBJC_LITERAL_CONVERSION = YES;
				CLANG_WARN_OBJC_ROOT_CLASS = YES_ERROR;
				CLANG_WARN_QUOTED_INCLUDE_IN_FRAMEWORK_HEADER = YES;
				CLANG_WARN_RANGE_LOOP_ANALYSIS = YES;
				CLANG_WARN_STRICT_PROTOTYPES = YES;
				CLANG_WARN_SUSPICIOUS_MOVE = YES;
				CLANG_WARN_UNGUARDED_AVAILABILITY = YES_AGGRESSIVE;
				CLANG_WARN_UNREACHABLE_CODE = YES;
				CLANG_WARN__DUPLICATE_METHOD_MATCH = YES;
				COPY_PHASE_STRIP = NO;
				DEBUG_INFORMATION_FORMAT = "dwarf-with-dsym";
				ENABLE_NS_ASSERTIONS = NO;
				ENABLE_STRICT_OBJC_MSGSEND = YES;
				GCC_C_LANGUAGE_STANDARD = gnu11;
				GCC_NO_COMMON_BLOCKS = YES;
				GCC_WARN_64_TO_32_BIT_CONVERSION = YES;
				GCC_WARN_ABOUT_RETURN_TYPE = YES_ERROR;
				GCC_WARN_UNDECLARED_SELECTOR = YES;
				GCC_WARN_UNINITIALIZED_AUTOS = YES_AGGRESSIVE;
				GCC_WARN_UNUSED_FUNCTION = YES;
				GCC_WARN_UNUSED_VARIABLE = YES;
				IPHONEOS_DEPLOYMENT_TARGET = 14.2;
				MTL_ENABLE_DEBUG_INFO = NO;
				MTL_FAST_MATH = YES;
				SDKROOT = iphoneos;
				SWIFT_COMPILATION_MODE = wholemodule;
				SWIFT_OPTIMIZATION_LEVEL = "-O";
				VALIDATE_PRODUCT = YES;
			};
			name = Release;
		};
		CE246A5225CADF96002A1736 /* Debug */ = {
			isa = XCBuildConfiguration;
			buildSettings = {
				ASSETCATALOG_COMPILER_APPICON_NAME = AppIcon;
				ASSETCATALOG_COMPILER_GLOBAL_ACCENT_COLOR_NAME = AccentColor;
				CODE_SIGN_STYLE = Automatic;
				DEVELOPMENT_ASSET_PATHS = "\"swiftui-architecture-case/Preview Content\"";
				DEVELOPMENT_TEAM = 5XK746MKFW;
				ENABLE_PREVIEWS = YES;
				INFOPLIST_FILE = "swiftui-architecture-case/Info.plist";
				LD_RUNPATH_SEARCH_PATHS = (
					"$(inherited)",
					"@executable_path/Frameworks",
				);
				PRODUCT_BUNDLE_IDENTIFIER = "com.bertugyilmaz.swiftui-architecture-case";
				PRODUCT_NAME = "$(TARGET_NAME)";
				SWIFT_VERSION = 5.0;
				TARGETED_DEVICE_FAMILY = "1,2";
			};
			name = Debug;
		};
		CE246A5325CADF96002A1736 /* Release */ = {
			isa = XCBuildConfiguration;
			buildSettings = {
				ASSETCATALOG_COMPILER_APPICON_NAME = AppIcon;
				ASSETCATALOG_COMPILER_GLOBAL_ACCENT_COLOR_NAME = AccentColor;
				CODE_SIGN_STYLE = Automatic;
				DEVELOPMENT_ASSET_PATHS = "\"swiftui-architecture-case/Preview Content\"";
				DEVELOPMENT_TEAM = 5XK746MKFW;
				ENABLE_PREVIEWS = YES;
				INFOPLIST_FILE = "swiftui-architecture-case/Info.plist";
				LD_RUNPATH_SEARCH_PATHS = (
					"$(inherited)",
					"@executable_path/Frameworks",
				);
				PRODUCT_BUNDLE_IDENTIFIER = "com.bertugyilmaz.swiftui-architecture-case";
				PRODUCT_NAME = "$(TARGET_NAME)";
				SWIFT_VERSION = 5.0;
				TARGETED_DEVICE_FAMILY = "1,2";
			};
			name = Release;
		};
/* End XCBuildConfiguration section */

/* Begin XCConfigurationList section */
		CE246A3825CADF93002A1736 /* Build configuration list for PBXProject "swiftui-architecture-case" */ = {
			isa = XCConfigurationList;
			buildConfigurations = (
				CE246A4F25CADF96002A1736 /* Debug */,
				CE246A5025CADF96002A1736 /* Release */,
			);
			defaultConfigurationIsVisible = 0;
			defaultConfigurationName = Release;
		};
		CE246A5125CADF96002A1736 /* Build configuration list for PBXNativeTarget "swiftui-architecture-case" */ = {
			isa = XCConfigurationList;
			buildConfigurations = (
				CE246A5225CADF96002A1736 /* Debug */,
				CE246A5325CADF96002A1736 /* Release */,
			);
			defaultConfigurationIsVisible = 0;
			defaultConfigurationName = Release;
		};
/* End XCConfigurationList section */
	};
	rootObject = CE246A3525CADF93002A1736 /* Project object */;
}
